
Microsoft Visual Studio Solution File, Format Version 12.00
Project("{FAE04EC0-301F-11D3-BF4B-00C04F79EFBC}") = "BookCatalog.Api", "BookCatalog.Api\BookCatalog.Api.csproj", "{47462C15-5EAD-4BC5-AA78-B83C8EDBFA71}"
EndProject
Project("{FAE04EC0-301F-11D3-BF4B-00C04F79EFBC}") = "Domain", "Domain\Domain.csproj", "{5C80253B-634E-4EFA-AF53-6D70AF43F44F}"
EndProject
Project("{FAE04EC0-301F-11D3-BF4B-00C04F79EFBC}") = "Application", "Application\Application.csproj", "{2A934FD8-9007-4939-8736-E829F06BA4D7}"
EndProject
Project("{FAE04EC0-301F-11D3-BF4B-00C04F79EFBC}") = "Infrastructure", "Infrastructure\Infrastructure.csproj", "{75296FC3-26D0-4B77-B5C4-C1467DF22B72}"
EndProject
Global
	GlobalSection(SolutionConfigurationPlatforms) = preSolution
		Debug|Any CPU = Debug|Any CPU
		Release|Any CPU = Release|Any CPU
	EndGlobalSection
	GlobalSection(ProjectConfigurationPlatforms) = postSolution
		{47462C15-5EAD-4BC5-AA78-B83C8EDBFA71}.Debug|Any CPU.ActiveCfg = Debug|Any CPU
		{47462C15-5EAD-4BC5-AA78-B83C8EDBFA71}.Debug|Any CPU.Build.0 = Debug|Any CPU
		{47462C15-5EAD-4BC5-AA78-B83C8EDBFA71}.Release|Any CPU.ActiveCfg = Release|Any CPU
		{47462C15-5EAD-4BC5-AA78-B83C8EDBFA71}.Release|Any CPU.Build.0 = Release|Any CPU
		{5C80253B-634E-4EFA-AF53-6D70AF43F44F}.Debug|Any CPU.ActiveCfg = Debug|Any CPU
		{5C80253B-634E-4EFA-AF53-6D70AF43F44F}.Debug|Any CPU.Build.0 = Debug|Any CPU
		{5C80253B-634E-4EFA-AF53-6D70AF43F44F}.Release|Any CPU.ActiveCfg = Release|Any CPU
		{5C80253B-634E-4EFA-AF53-6D70AF43F44F}.Release|Any CPU.Build.0 = Release|Any CPU
		{2A934FD8-9007-4939-8736-E829F06BA4D7}.Debug|Any CPU.ActiveCfg = Debug|Any CPU
		{2A934FD8-9007-4939-8736-E829F06BA4D7}.Debug|Any CPU.Build.0 = Debug|Any CPU
		{2A934FD8-9007-4939-8736-E829F06BA4D7}.Release|Any CPU.ActiveCfg = Release|Any CPU
		{2A934FD8-9007-4939-8736-E829F06BA4D7}.Release|Any CPU.Build.0 = Release|Any CPU
		{75296FC3-26D0-4B77-B5C4-C1467DF22B72}.Debug|Any CPU.ActiveCfg = Debug|Any CPU
		{75296FC3-26D0-4B77-B5C4-C1467DF22B72}.Debug|Any CPU.Build.0 = Debug|Any CPU
		{75296FC3-26D0-4B77-B5C4-C1467DF22B72}.Release|Any CPU.ActiveCfg = Release|Any CPU
		{75296FC3-26D0-4B77-B5C4-C1467DF22B72}.Release|Any CPU.Build.0 = Release|Any CPU
	EndGlobalSection
EndGlobal
