
Microsoft Visual Studio Solution File, Format Version 12.00
Project("{FAE04EC0-301F-11D3-BF4B-00C04F79EFBC}") = "MoneyTransfer", "MoneyTransfer\MoneyTransfer.csproj", "{977DD41F-C366-45B5-BF04-8DD4917FE4C8}"
EndProject
Project("{FAE04EC0-301F-11D3-BF4B-00C04F79EFBC}") = "MoneyTransferApi", "MoneyTransferApi\MoneyTransferApi.csproj", "{8CF57DD2-05F0-4489-9E98-7533E217F29A}"
EndProject
Global
	GlobalSection(SolutionConfigurationPlatforms) = preSolution
		Debug|Any CPU = Debug|Any CPU
		Release|Any CPU = Release|Any CPU
	EndGlobalSection
	GlobalSection(ProjectConfigurationPlatforms) = postSolution
		{977DD41F-C366-45B5-BF04-8DD4917FE4C8}.Debug|Any CPU.ActiveCfg = Debug|Any CPU
		{977DD41F-C366-45B5-BF04-8DD4917FE4C8}.Debug|Any CPU.Build.0 = Debug|Any CPU
		{977DD41F-C366-45B5-BF04-8DD4917FE4C8}.Release|Any CPU.ActiveCfg = Release|Any CPU
		{977DD41F-C366-45B5-BF04-8DD4917FE4C8}.Release|Any CPU.Build.0 = Release|Any CPU
		{8CF57DD2-05F0-4489-9E98-7533E217F29A}.Debug|Any CPU.ActiveCfg = Debug|Any CPU
		{8CF57DD2-05F0-4489-9E98-7533E217F29A}.Debug|Any CPU.Build.0 = Debug|Any CPU
		{8CF57DD2-05F0-4489-9E98-7533E217F29A}.Release|Any CPU.ActiveCfg = Release|Any CPU
		{8CF57DD2-05F0-4489-9E98-7533E217F29A}.Release|Any CPU.Build.0 = Release|Any CPU
	EndGlobalSection
EndGlobal
